
Microsoft Visual Studio Solution File, Format Version 12.00
# Visual Studio 15
VisualStudioVersion = 15.0.28307.1500
MinimumVisualStudioVersion = 10.0.40219.1
Project("{8BC9CEB8-8B4A-11D0-8D11-00A0C91BC942}") = "HEW2022_sponge", "HEW2022_sponge\HEW2022_sponge.vcxproj", "{6769F2B6-D12C-4F6C-A362-A53CB1B33D20}"
EndProject
Global
	GlobalSection(SolutionConfigurationPlatforms) = preSolution
		Debug|x64 = Debug|x64
		Debug|x86 = Debug|x86
		Release|x64 = Release|x64
		Release|x86 = Release|x86
	EndGlobalSection
	GlobalSection(ProjectConfigurationPlatforms) = postSolution
		{6769F2B6-D12C-4F6C-A362-A53CB1B33D20}.Debug|x64.ActiveCfg = Debug|x64
		{6769F2B6-D12C-4F6C-A362-A53CB1B33D20}.Debug|x64.Build.0 = Debug|x64
		{6769F2B6-D12C-4F6C-A362-A53CB1B33D20}.Debug|x86.ActiveCfg = Debug|Win32
		{6769F2B6-D12C-4F6C-A362-A53CB1B33D20}.Debug|x86.Build.0 = Debug|Win32
		{6769F2B6-D12C-4F6C-A362-A53CB1B33D20}.Release|x64.ActiveCfg = Release|x64
		{6769F2B6-D12C-4F6C-A362-A53CB1B33D20}.Release|x64.Build.0 = Release|x64
		{6769F2B6-D12C-4F6C-A362-A53CB1B33D20}.Release|x86.ActiveCfg = Release|Win32
		{6769F2B6-D12C-4F6C-A362-A53CB1B33D20}.Release|x86.Build.0 = Release|Win32
	EndGlobalSection
	GlobalSection(SolutionProperties) = preSolution
		HideSolutionNode = FALSE
	EndGlobalSection
	GlobalSection(ExtensibilityGlobals) = postSolution
		SolutionGuid = {878093B9-C83C-4C77-9570-4C21EB61EEC4}
	EndGlobalSection
EndGlobal
